Microsoft Visual Studio Solution File, Format Version 12.00
# Visual Studio Version 17
VisualStudioVersion = 17.5.2.0
MinimumVisualStudioVersion = 10.0.40219.1
Project("{FAE04EC0-301F-11D3-BF4B-00C04F79EFBC}") = "Blogs", "Blogs.csproj", "{1E18FD57-7E98-3D34-33A7-C045F04CC3EA}"
EndProject
Global
	GlobalSection(SolutionConfigurationPlatforms) = preSolution
		Debug|Any CPU = Debug|Any CPU
		Release|Any CPU = Release|Any CPU
	EndGlobalSection
	GlobalSection(ProjectConfigurationPlatforms) = postSolution
		{1E18FD57-7E98-3D34-33A7-C045F04CC3EA}.Debug|Any CPU.ActiveCfg = Debug|Any CPU
		{1E18FD57-7E98-3D34-33A7-C045F04CC3EA}.Debug|Any CPU.Build.0 = Debug|Any CPU
		{1E18FD57-7E98-3D34-33A7-C045F04CC3EA}.Release|Any CPU.ActiveCfg = Release|Any CPU
		{1E18FD57-7E98-3D34-33A7-C045F04CC3EA}.Release|Any CPU.Build.0 = Release|Any CPU
	EndGlobalSection
	GlobalSection(SolutionProperties) = preSolution
		HideSolutionNode = FALSE
	EndGlobalSection
	GlobalSection(ExtensibilityGlobals) = postSolution
		SolutionGuid = {65A7891B-8A59-4EBE-AD17-A06ADE03AA7D}
	EndGlobalSection
EndGlobal
